
Microsoft Visual Studio Solution File, Format Version 12.00
# Visual Studio Version 17
VisualStudioVersion = 17.0.31919.166
MinimumVisualStudioVersion = 10.0.40219.1
Project("{2150E333-8FDC-42A3-9474-1A3956D46DE8}") = "src", "src", "{1987061F-8970-4018-8D58-6932961C9EB4}"
	ProjectSection(SolutionItems) = preProject
		src\Directory.Build.props = src\Directory.Build.props
	EndProjectSection
EndProject
Project("{2150E333-8FDC-42A3-9474-1A3956D46DE8}") = "tests", "tests", "{7ACC27E8-8FBE-4807-B91F-B89AF3CFF7E0}"
EndProject
Project("{2150E333-8FDC-42A3-9474-1A3956D46DE8}") = "samples", "samples", "{5A3F5158-7B17-4586-9885-9E60C1393185}"
EndProject
Project("{9A19103F-16F7-4668-BE54-9A1E7A4F7556}") = "ChatApp.Server", "samples\ChatApp\ChatApp.Server\ChatApp.Server.csproj", "{7B7CFF27-CB38-4661-9CFC-473B4E38F0DE}"
EndProject
Project("{2150E333-8FDC-42A3-9474-1A3956D46DE8}") = "docs", "docs", "{15598FE3-201F-4255-9ADA-622B52D2A6ED}"
	ProjectSection(SolutionItems) = preProject
		.editorconfig = .editorconfig
		.gitignore = .gitignore
		LICENSE = LICENSE
		NuGet.Config = NuGet.Config
		README.md = README.md
	EndProjectSection
EndProject
Project("{2150E333-8FDC-42A3-9474-1A3956D46DE8}") = "build", "build", "{42EBB7E4-52D7-4E57-80AD-79FDD4900E13}"
	ProjectSection(SolutionItems) = preProject
		Directory.Build.props = Directory.Build.props
		Directory.Packages.props = Directory.Packages.props
	EndProjectSection
EndProject
Project("{9A19103F-16F7-4668-BE54-9A1E7A4F7556}") = "ChatApp.Shared", "samples\ChatApp\ChatApp.Shared\ChatApp.Shared.csproj", "{5CDEE44D-8AC2-4E7C-90CC-669E336F2D15}"
EndProject
Project("{2150E333-8FDC-42A3-9474-1A3956D46DE8}") = "ChatApp", "ChatApp", "{FEE2B9AB-A1D0-41BA-A172-FC95935542DF}"
EndProject
Project("{2150E333-8FDC-42A3-9474-1A3956D46DE8}") = "workflows", "workflows", "{A8550C24-2486-49DA-8D1A-DB6BBB2E9905}"
	ProjectSection(SolutionItems) = preProject
		.github\workflows\build-canary.yml = .github\workflows\build-canary.yml
		.github\workflows\build-docs.yml = .github\workflows\build-docs.yml
		.github\workflows\build.yml = .github\workflows\build.yml
		.github\workflows\prevent-github-change.yml = .github\workflows\prevent-github-change.yml
		.github\workflows\release.yml = .github\workflows\release.yml
		.github\workflows\stale.yml = .github\workflows\stale.yml
	EndProjectSection
EndProject
Project("{2150E333-8FDC-42A3-9474-1A3956D46DE8}") = "perf", "perf", "{A0CED9FB-5B18-4EE3-859F-CE3A6F90A82A}"
EndProject
Project("{2150E333-8FDC-42A3-9474-1A3956D46DE8}") = "BenchmarkApp", "BenchmarkApp", "{2FF12B46-BA5C-4B6C-BD94-3556C3F25722}"
EndProject
Project("{9A19103F-16F7-4668-BE54-9A1E7A4F7556}") = "ChatApp.Console", "samples\ChatApp\ChatApp.Console\ChatApp.Console.csproj", "{AF21B7BD-7399-41B7-B0D4-08ACDC952E50}"
EndProject
Project("{FAE04EC0-301F-11D3-BF4B-00C04F79EFBC}") = "PulseRPC.Server", "src\PulseRPC.Server\PulseRPC.Server.csproj", "{D187E614-CA8A-4146-A9A6-BBCAFB418F91}"
EndProject
Project("{FAE04EC0-301F-11D3-BF4B-00C04F79EFBC}") = "PulseRPC.Client", "src\PulseRPC.Client\PulseRPC.Client.csproj", "{802B07E3-AD0C-4D32-A5A9-15C60E2D9308}"
EndProject
Project("{FAE04EC0-301F-11D3-BF4B-00C04F79EFBC}") = "PulseRPC.Client.SourceGenerator", "src\PulseRPC.Client.SourceGenerator\PulseRPC.Client.SourceGenerator.csproj", "{B47042A4-20B6-42AA-8258-A7C09E9CE01D}"
EndProject
Project("{FAE04EC0-301F-11D3-BF4B-00C04F79EFBC}") = "PulseRPC.Abstractions", "src\PulseRPC.Abstractions\PulseRPC.Abstractions.csproj", "{CF3F73F9-A997-4F8C-A4B9-B8564B171260}"
EndProject
Project("{FAE04EC0-301F-11D3-BF4B-00C04F79EFBC}") = "PulseRPC.Client.Tests", "tests\PulseRPC.Client.Tests\PulseRPC.Client.Tests.csproj", "{81955BC9-36DA-40C8-ADC3-29BD51BB0397}"
EndProject
Project("{FAE04EC0-301F-11D3-BF4B-00C04F79EFBC}") = "PulseRPC.Benchmark.Core", "perf\BenchmarkApp\PulseRPC.Benchmark.Core\PulseRPC.Benchmark.Core.csproj", "{3C8A3C7E-C4EC-4A5D-931E-17F57A371A59}"
EndProject
Project("{FAE04EC0-301F-11D3-BF4B-00C04F79EFBC}") = "PulseRPC.Benchmark.Shared", "perf\BenchmarkApp\PulseRPC.Benchmark.Shared\PulseRPC.Benchmark.Shared.csproj", "{C5AFA02C-9430-4C53-8941-8EB19EB1EC83}"
EndProject
Project("{FAE04EC0-301F-11D3-BF4B-00C04F79EFBC}") = "PulseRPC.Benchmark.Client", "perf\BenchmarkApp\PulseRPC.Benchmark.Client\PulseRPC.Benchmark.Client.csproj", "{6FE4B6F4-98EA-4958-81AD-E8FABEDE3D57}"
EndProject
Project("{FAE04EC0-301F-11D3-BF4B-00C04F79EFBC}") = "PulseRPC.Benchmark.Server", "perf\BenchmarkApp\PulseRPC.Benchmark.Server\PulseRPC.Benchmark.Server.csproj", "{908E0EB1-B668-48AE-B1EC-4A8E6E1AA11A}"
EndProject
Project("{FAE04EC0-301F-11D3-BF4B-00C04F79EFBC}") = "PulseRPC.Benchmark.Scenarios", "perf\BenchmarkApp\PulseRPC.Benchmark.Scenarios\PulseRPC.Benchmark.Scenarios.csproj", "{786BFB60-D1AD-44AF-B3FB-271BAAC50EB0}"
EndProject
Project("{FAE04EC0-301F-11D3-BF4B-00C04F79EFBC}") = "PulseRPC.Benchmark.Metrics", "perf\BenchmarkApp\PulseRPC.Benchmark.Metrics\PulseRPC.Benchmark.Metrics.csproj", "{B8810DF9-74A0-472A-B20C-F36F69B66499}"
EndProject
Project("{FAE04EC0-301F-11D3-BF4B-00C04F79EFBC}") = "PulseRPC.Benchmark.Configuration", "perf\BenchmarkApp\PulseRPC.Benchmark.Configuration\PulseRPC.Benchmark.Configuration.csproj", "{296EF358-2B0B-4324-BA8B-69EF8E14D032}"
EndProject
Project("{FAE04EC0-301F-11D3-BF4B-00C04F79EFBC}") = "PulseRPC.Infrastructure", "src\PulseRPC.Infrastructure\PulseRPC.Infrastructure.csproj", "{2CDC05FE-E518-40AF-B341-01705D4910B8}"
EndProject
Project("{FAE04EC0-301F-11D3-BF4B-00C04F79EFBC}") = "PulseRPC.Infrastructure.Consul", "src\PulseRPC.Infrastructure.Consul\PulseRPC.Infrastructure.Consul.csproj", "{1855EFD4-3578-45D3-952B-4AF0B161644A}"
EndProject
Project("{FAE04EC0-301F-11D3-BF4B-00C04F79EFBC}") = "PulseRPC.Benchmarks", "tests\PulseRPC.Benchmarks\PulseRPC.Benchmarks.csproj", "{2D5342BD-4C29-4894-A805-CA67472EC161}"
EndProject
Project("{FAE04EC0-301F-11D3-BF4B-00C04F79EFBC}") = "PulseRPC.Server.SourceGenerator", "src\PulseRPC.Server.SourceGenerator\PulseRPC.Server.SourceGenerator.csproj", "{4ACDB204-1188-4960-95DE-899BF8DCF74C}"
EndProject
Project("{FAE04EC0-301F-11D3-BF4B-00C04F79EFBC}") = "PulseRPC.SourceGenerator.Tests", "tests\PulseRPC.SourceGenerator.Tests\PulseRPC.SourceGenerator.Tests.csproj", "{F12C2E14-21E3-4272-AB76-7D0D972EE1EB}"
EndProject
Project("{FAE04EC0-301F-11D3-BF4B-00C04F79EFBC}") = "PulseRPC.Server.Tests", "tests\PulseRPC.Server.Tests\PulseRPC.Server.Tests.csproj", "{52538202-A381-443B-946D-26E0D1C9F9C2}"
EndProject
Global
	GlobalSection(SolutionConfigurationPlatforms) = preSolution
		Debug|Any CPU = Debug|Any CPU
		Debug|x64 = Debug|x64
		Debug|x86 = Debug|x86
		Release|Any CPU = Release|Any CPU
		Release|x64 = Release|x64
		Release|x86 = Release|x86
	EndGlobalSection
	GlobalSection(ProjectConfigurationPlatforms) = postSolution
		{7B7CFF27-CB38-4661-9CFC-473B4E38F0DE}.Debug|Any CPU.ActiveCfg = Debug|Any CPU
		{7B7CFF27-CB38-4661-9CFC-473B4E38F0DE}.Debug|Any CPU.Build.0 = Debug|Any CPU
		{7B7CFF27-CB38-4661-9CFC-473B4E38F0DE}.Debug|x64.ActiveCfg = Debug|Any CPU
		{7B7CFF27-CB38-4661-9CFC-473B4E38F0DE}.Debug|x64.Build.0 = Debug|Any CPU
		{7B7CFF27-CB38-4661-9CFC-473B4E38F0DE}.Debug|x86.ActiveCfg = Debug|Any CPU
		{7B7CFF27-CB38-4661-9CFC-473B4E38F0DE}.Debug|x86.Build.0 = Debug|Any CPU
		{7B7CFF27-CB38-4661-9CFC-473B4E38F0DE}.Release|Any CPU.ActiveCfg = Release|Any CPU
		{7B7CFF27-CB38-4661-9CFC-473B4E38F0DE}.Release|Any CPU.Build.0 = Release|Any CPU
		{7B7CFF27-CB38-4661-9CFC-473B4E38F0DE}.Release|x64.ActiveCfg = Release|Any CPU
		{7B7CFF27-CB38-4661-9CFC-473B4E38F0DE}.Release|x64.Build.0 = Release|Any CPU
		{7B7CFF27-CB38-4661-9CFC-473B4E38F0DE}.Release|x86.ActiveCfg = Release|Any CPU
		{7B7CFF27-CB38-4661-9CFC-473B4E38F0DE}.Release|x86.Build.0 = Release|Any CPU
		{5CDEE44D-8AC2-4E7C-90CC-669E336F2D15}.Debug|Any CPU.ActiveCfg = Debug|Any CPU
		{5CDEE44D-8AC2-4E7C-90CC-669E336F2D15}.Debug|Any CPU.Build.0 = Debug|Any CPU
		{5CDEE44D-8AC2-4E7C-90CC-669E336F2D15}.Debug|x64.ActiveCfg = Debug|Any CPU
		{5CDEE44D-8AC2-4E7C-90CC-669E336F2D15}.Debug|x64.Build.0 = Debug|Any CPU
		{5CDEE44D-8AC2-4E7C-90CC-669E336F2D15}.Debug|x86.ActiveCfg = Debug|Any CPU
		{5CDEE44D-8AC2-4E7C-90CC-669E336F2D15}.Debug|x86.Build.0 = Debug|Any CPU
		{5CDEE44D-8AC2-4E7C-90CC-669E336F2D15}.Release|Any CPU.ActiveCfg = Release|Any CPU
		{5CDEE44D-8AC2-4E7C-90CC-669E336F2D15}.Release|Any CPU.Build.0 = Release|Any CPU
		{5CDEE44D-8AC2-4E7C-90CC-669E336F2D15}.Release|x64.ActiveCfg = Release|Any CPU
		{5CDEE44D-8AC2-4E7C-90CC-669E336F2D15}.Release|x64.Build.0 = Release|Any CPU
		{5CDEE44D-8AC2-4E7C-90CC-669E336F2D15}.Release|x86.ActiveCfg = Release|Any CPU
		{5CDEE44D-8AC2-4E7C-90CC-669E336F2D15}.Release|x86.Build.0 = Release|Any CPU
		{AF21B7BD-7399-41B7-B0D4-08ACDC952E50}.Debug|Any CPU.ActiveCfg = Debug|Any CPU
		{AF21B7BD-7399-41B7-B0D4-08ACDC952E50}.Debug|Any CPU.Build.0 = Debug|Any CPU
		{AF21B7BD-7399-41B7-B0D4-08ACDC952E50}.Debug|x64.ActiveCfg = Debug|Any CPU
		{AF21B7BD-7399-41B7-B0D4-08ACDC952E50}.Debug|x64.Build.0 = Debug|Any CPU
		{AF21B7BD-7399-41B7-B0D4-08ACDC952E50}.Debug|x86.ActiveCfg = Debug|Any CPU
		{AF21B7BD-7399-41B7-B0D4-08ACDC952E50}.Debug|x86.Build.0 = Debug|Any CPU
		{AF21B7BD-7399-41B7-B0D4-08ACDC952E50}.Release|Any CPU.ActiveCfg = Release|Any CPU
		{AF21B7BD-7399-41B7-B0D4-08ACDC952E50}.Release|Any CPU.Build.0 = Release|Any CPU
		{AF21B7BD-7399-41B7-B0D4-08ACDC952E50}.Release|x64.ActiveCfg = Release|Any CPU
		{AF21B7BD-7399-41B7-B0D4-08ACDC952E50}.Release|x64.Build.0 = Release|Any CPU
		{AF21B7BD-7399-41B7-B0D4-08ACDC952E50}.Release|x86.ActiveCfg = Release|Any CPU
		{AF21B7BD-7399-41B7-B0D4-08ACDC952E50}.Release|x86.Build.0 = Release|Any CPU
		{D187E614-CA8A-4146-A9A6-BBCAFB418F91}.Debug|Any CPU.ActiveCfg = Debug|Any CPU
		{D187E614-CA8A-4146-A9A6-BBCAFB418F91}.Debug|Any CPU.Build.0 = Debug|Any CPU
		{D187E614-CA8A-4146-A9A6-BBCAFB418F91}.Debug|x64.ActiveCfg = Debug|Any CPU
		{D187E614-CA8A-4146-A9A6-BBCAFB418F91}.Debug|x64.Build.0 = Debug|Any CPU
		{D187E614-CA8A-4146-A9A6-BBCAFB418F91}.Debug|x86.ActiveCfg = Debug|Any CPU
		{D187E614-CA8A-4146-A9A6-BBCAFB418F91}.Debug|x86.Build.0 = Debug|Any CPU
		{D187E614-CA8A-4146-A9A6-BBCAFB418F91}.Release|Any CPU.ActiveCfg = Release|Any CPU
		{D187E614-CA8A-4146-A9A6-BBCAFB418F91}.Release|Any CPU.Build.0 = Release|Any CPU
		{D187E614-CA8A-4146-A9A6-BBCAFB418F91}.Release|x64.ActiveCfg = Release|Any CPU
		{D187E614-CA8A-4146-A9A6-BBCAFB418F91}.Release|x64.Build.0 = Release|Any CPU
		{D187E614-CA8A-4146-A9A6-BBCAFB418F91}.Release|x86.ActiveCfg = Release|Any CPU
		{D187E614-CA8A-4146-A9A6-BBCAFB418F91}.Release|x86.Build.0 = Release|Any CPU
		{802B07E3-AD0C-4D32-A5A9-15C60E2D9308}.Debug|Any CPU.ActiveCfg = Debug|Any CPU
		{802B07E3-AD0C-4D32-A5A9-15C60E2D9308}.Debug|Any CPU.Build.0 = Debug|Any CPU
		{802B07E3-AD0C-4D32-A5A9-15C60E2D9308}.Debug|x64.ActiveCfg = Debug|Any CPU
		{802B07E3-AD0C-4D32-A5A9-15C60E2D9308}.Debug|x64.Build.0 = Debug|Any CPU
		{802B07E3-AD0C-4D32-A5A9-15C60E2D9308}.Debug|x86.ActiveCfg = Debug|Any CPU
		{802B07E3-AD0C-4D32-A5A9-15C60E2D9308}.Debug|x86.Build.0 = Debug|Any CPU
		{802B07E3-AD0C-4D32-A5A9-15C60E2D9308}.Release|Any CPU.ActiveCfg = Release|Any CPU
		{802B07E3-AD0C-4D32-A5A9-15C60E2D9308}.Release|Any CPU.Build.0 = Release|Any CPU
		{802B07E3-AD0C-4D32-A5A9-15C60E2D9308}.Release|x64.ActiveCfg = Release|Any CPU
		{802B07E3-AD0C-4D32-A5A9-15C60E2D9308}.Release|x64.Build.0 = Release|Any CPU
		{802B07E3-AD0C-4D32-A5A9-15C60E2D9308}.Release|x86.ActiveCfg = Release|Any CPU
		{802B07E3-AD0C-4D32-A5A9-15C60E2D9308}.Release|x86.Build.0 = Release|Any CPU
		{B47042A4-20B6-42AA-8258-A7C09E9CE01D}.Debug|Any CPU.ActiveCfg = Debug|Any CPU
		{B47042A4-20B6-42AA-8258-A7C09E9CE01D}.Debug|Any CPU.Build.0 = Debug|Any CPU
		{B47042A4-20B6-42AA-8258-A7C09E9CE01D}.Debug|x64.ActiveCfg = Debug|Any CPU
		{B47042A4-20B6-42AA-8258-A7C09E9CE01D}.Debug|x64.Build.0 = Debug|Any CPU
		{B47042A4-20B6-42AA-8258-A7C09E9CE01D}.Debug|x86.ActiveCfg = Debug|Any CPU
		{B47042A4-20B6-42AA-8258-A7C09E9CE01D}.Debug|x86.Build.0 = Debug|Any CPU
		{B47042A4-20B6-42AA-8258-A7C09E9CE01D}.Release|Any CPU.ActiveCfg = Release|Any CPU
		{B47042A4-20B6-42AA-8258-A7C09E9CE01D}.Release|Any CPU.Build.0 = Release|Any CPU
		{B47042A4-20B6-42AA-8258-A7C09E9CE01D}.Release|x64.ActiveCfg = Release|Any CPU
		{B47042A4-20B6-42AA-8258-A7C09E9CE01D}.Release|x64.Build.0 = Release|Any CPU
		{B47042A4-20B6-42AA-8258-A7C09E9CE01D}.Release|x86.ActiveCfg = Release|Any CPU
		{B47042A4-20B6-42AA-8258-A7C09E9CE01D}.Release|x86.Build.0 = Release|Any CPU
		{CF3F73F9-A997-4F8C-A4B9-B8564B171260}.Debug|Any CPU.ActiveCfg = Debug|Any CPU
		{CF3F73F9-A997-4F8C-A4B9-B8564B171260}.Debug|Any CPU.Build.0 = Debug|Any CPU
		{CF3F73F9-A997-4F8C-A4B9-B8564B171260}.Debug|x64.ActiveCfg = Debug|Any CPU
		{CF3F73F9-A997-4F8C-A4B9-B8564B171260}.Debug|x64.Build.0 = Debug|Any CPU
		{CF3F73F9-A997-4F8C-A4B9-B8564B171260}.Debug|x86.ActiveCfg = Debug|Any CPU
		{CF3F73F9-A997-4F8C-A4B9-B8564B171260}.Debug|x86.Build.0 = Debug|Any CPU
		{CF3F73F9-A997-4F8C-A4B9-B8564B171260}.Release|Any CPU.ActiveCfg = Release|Any CPU
		{CF3F73F9-A997-4F8C-A4B9-B8564B171260}.Release|Any CPU.Build.0 = Release|Any CPU
		{CF3F73F9-A997-4F8C-A4B9-B8564B171260}.Release|x64.ActiveCfg = Release|Any CPU
		{CF3F73F9-A997-4F8C-A4B9-B8564B171260}.Release|x64.Build.0 = Release|Any CPU
		{CF3F73F9-A997-4F8C-A4B9-B8564B171260}.Release|x86.ActiveCfg = Release|Any CPU
		{CF3F73F9-A997-4F8C-A4B9-B8564B171260}.Release|x86.Build.0 = Release|Any CPU
		{81955BC9-36DA-40C8-ADC3-29BD51BB0397}.Debug|Any CPU.ActiveCfg = Debug|Any CPU
		{81955BC9-36DA-40C8-ADC3-29BD51BB0397}.Debug|Any CPU.Build.0 = Debug|Any CPU
		{81955BC9-36DA-40C8-ADC3-29BD51BB0397}.Debug|x64.ActiveCfg = Debug|Any CPU
		{81955BC9-36DA-40C8-ADC3-29BD51BB0397}.Debug|x64.Build.0 = Debug|Any CPU
		{81955BC9-36DA-40C8-ADC3-29BD51BB0397}.Debug|x86.ActiveCfg = Debug|Any CPU
		{81955BC9-36DA-40C8-ADC3-29BD51BB0397}.Debug|x86.Build.0 = Debug|Any CPU
		{81955BC9-36DA-40C8-ADC3-29BD51BB0397}.Release|Any CPU.ActiveCfg = Release|Any CPU
		{81955BC9-36DA-40C8-ADC3-29BD51BB0397}.Release|Any CPU.Build.0 = Release|Any CPU
		{81955BC9-36DA-40C8-ADC3-29BD51BB0397}.Release|x64.ActiveCfg = Release|Any CPU
		{81955BC9-36DA-40C8-ADC3-29BD51BB0397}.Release|x64.Build.0 = Release|Any CPU
		{81955BC9-36DA-40C8-ADC3-29BD51BB0397}.Release|x86.ActiveCfg = Release|Any CPU
		{81955BC9-36DA-40C8-ADC3-29BD51BB0397}.Release|x86.Build.0 = Release|Any CPU
		{3C8A3C7E-C4EC-4A5D-931E-17F57A371A59}.Debug|Any CPU.ActiveCfg = Debug|Any CPU
		{3C8A3C7E-C4EC-4A5D-931E-17F57A371A59}.Debug|Any CPU.Build.0 = Debug|Any CPU
		{3C8A3C7E-C4EC-4A5D-931E-17F57A371A59}.Debug|x64.ActiveCfg = Debug|Any CPU
		{3C8A3C7E-C4EC-4A5D-931E-17F57A371A59}.Debug|x64.Build.0 = Debug|Any CPU
		{3C8A3C7E-C4EC-4A5D-931E-17F57A371A59}.Debug|x86.ActiveCfg = Debug|Any CPU
		{3C8A3C7E-C4EC-4A5D-931E-17F57A371A59}.Debug|x86.Build.0 = Debug|Any CPU
		{3C8A3C7E-C4EC-4A5D-931E-17F57A371A59}.Release|Any CPU.ActiveCfg = Release|Any CPU
		{3C8A3C7E-C4EC-4A5D-931E-17F57A371A59}.Release|Any CPU.Build.0 = Release|Any CPU
		{3C8A3C7E-C4EC-4A5D-931E-17F57A371A59}.Release|x64.ActiveCfg = Release|Any CPU
		{3C8A3C7E-C4EC-4A5D-931E-17F57A371A59}.Release|x64.Build.0 = Release|Any CPU
		{3C8A3C7E-C4EC-4A5D-931E-17F57A371A59}.Release|x86.ActiveCfg = Release|Any CPU
		{3C8A3C7E-C4EC-4A5D-931E-17F57A371A59}.Release|x86.Build.0 = Release|Any CPU
		{C5AFA02C-9430-4C53-8941-8EB19EB1EC83}.Debug|Any CPU.ActiveCfg = Debug|Any CPU
		{C5AFA02C-9430-4C53-8941-8EB19EB1EC83}.Debug|Any CPU.Build.0 = Debug|Any CPU
		{C5AFA02C-9430-4C53-8941-8EB19EB1EC83}.Debug|x64.ActiveCfg = Debug|Any CPU
		{C5AFA02C-9430-4C53-8941-8EB19EB1EC83}.Debug|x64.Build.0 = Debug|Any CPU
		{C5AFA02C-9430-4C53-8941-8EB19EB1EC83}.Debug|x86.ActiveCfg = Debug|Any CPU
		{C5AFA02C-9430-4C53-8941-8EB19EB1EC83}.Debug|x86.Build.0 = Debug|Any CPU
		{C5AFA02C-9430-4C53-8941-8EB19EB1EC83}.Release|Any CPU.ActiveCfg = Release|Any CPU
		{C5AFA02C-9430-4C53-8941-8EB19EB1EC83}.Release|Any CPU.Build.0 = Release|Any CPU
		{C5AFA02C-9430-4C53-8941-8EB19EB1EC83}.Release|x64.ActiveCfg = Release|Any CPU
		{C5AFA02C-9430-4C53-8941-8EB19EB1EC83}.Release|x64.Build.0 = Release|Any CPU
		{C5AFA02C-9430-4C53-8941-8EB19EB1EC83}.Release|x86.ActiveCfg = Release|Any CPU
		{C5AFA02C-9430-4C53-8941-8EB19EB1EC83}.Release|x86.Build.0 = Release|Any CPU
		{6FE4B6F4-98EA-4958-81AD-E8FABEDE3D57}.Debug|Any CPU.ActiveCfg = Debug|Any CPU
		{6FE4B6F4-98EA-4958-81AD-E8FABEDE3D57}.Debug|Any CPU.Build.0 = Debug|Any CPU
		{6FE4B6F4-98EA-4958-81AD-E8FABEDE3D57}.Debug|x64.ActiveCfg = Debug|Any CPU
		{6FE4B6F4-98EA-4958-81AD-E8FABEDE3D57}.Debug|x64.Build.0 = Debug|Any CPU
		{6FE4B6F4-98EA-4958-81AD-E8FABEDE3D57}.Debug|x86.ActiveCfg = Debug|Any CPU
		{6FE4B6F4-98EA-4958-81AD-E8FABEDE3D57}.Debug|x86.Build.0 = Debug|Any CPU
		{6FE4B6F4-98EA-4958-81AD-E8FABEDE3D57}.Release|Any CPU.ActiveCfg = Release|Any CPU
		{6FE4B6F4-98EA-4958-81AD-E8FABEDE3D57}.Release|Any CPU.Build.0 = Release|Any CPU
		{6FE4B6F4-98EA-4958-81AD-E8FABEDE3D57}.Release|x64.ActiveCfg = Release|Any CPU
		{6FE4B6F4-98EA-4958-81AD-E8FABEDE3D57}.Release|x64.Build.0 = Release|Any CPU
		{6FE4B6F4-98EA-4958-81AD-E8FABEDE3D57}.Release|x86.ActiveCfg = Release|Any CPU
		{6FE4B6F4-98EA-4958-81AD-E8FABEDE3D57}.Release|x86.Build.0 = Release|Any CPU
		{908E0EB1-B668-48AE-B1EC-4A8E6E1AA11A}.Debug|Any CPU.ActiveCfg = Debug|Any CPU
		{908E0EB1-B668-48AE-B1EC-4A8E6E1AA11A}.Debug|Any CPU.Build.0 = Debug|Any CPU
		{908E0EB1-B668-48AE-B1EC-4A8E6E1AA11A}.Debug|x64.ActiveCfg = Debug|Any CPU
		{908E0EB1-B668-48AE-B1EC-4A8E6E1AA11A}.Debug|x64.Build.0 = Debug|Any CPU
		{908E0EB1-B668-48AE-B1EC-4A8E6E1AA11A}.Debug|x86.ActiveCfg = Debug|Any CPU
		{908E0EB1-B668-48AE-B1EC-4A8E6E1AA11A}.Debug|x86.Build.0 = Debug|Any CPU
		{908E0EB1-B668-48AE-B1EC-4A8E6E1AA11A}.Release|Any CPU.ActiveCfg = Release|Any CPU
		{908E0EB1-B668-48AE-B1EC-4A8E6E1AA11A}.Release|Any CPU.Build.0 = Release|Any CPU
		{908E0EB1-B668-48AE-B1EC-4A8E6E1AA11A}.Release|x64.ActiveCfg = Release|Any CPU
		{908E0EB1-B668-48AE-B1EC-4A8E6E1AA11A}.Release|x64.Build.0 = Release|Any CPU
		{908E0EB1-B668-48AE-B1EC-4A8E6E1AA11A}.Release|x86.ActiveCfg = Release|Any CPU
		{908E0EB1-B668-48AE-B1EC-4A8E6E1AA11A}.Release|x86.Build.0 = Release|Any CPU
		{786BFB60-D1AD-44AF-B3FB-271BAAC50EB0}.Debug|Any CPU.ActiveCfg = Debug|Any CPU
		{786BFB60-D1AD-44AF-B3FB-271BAAC50EB0}.Debug|Any CPU.Build.0 = Debug|Any CPU
		{786BFB60-D1AD-44AF-B3FB-271BAAC50EB0}.Debug|x64.ActiveCfg = Debug|Any CPU
		{786BFB60-D1AD-44AF-B3FB-271BAAC50EB0}.Debug|x64.Build.0 = Debug|Any CPU
		{786BFB60-D1AD-44AF-B3FB-271BAAC50EB0}.Debug|x86.ActiveCfg = Debug|Any CPU
		{786BFB60-D1AD-44AF-B3FB-271BAAC50EB0}.Debug|x86.Build.0 = Debug|Any CPU
		{786BFB60-D1AD-44AF-B3FB-271BAAC50EB0}.Release|Any CPU.ActiveCfg = Release|Any CPU
		{786BFB60-D1AD-44AF-B3FB-271BAAC50EB0}.Release|Any CPU.Build.0 = Release|Any CPU
		{786BFB60-D1AD-44AF-B3FB-271BAAC50EB0}.Release|x64.ActiveCfg = Release|Any CPU
		{786BFB60-D1AD-44AF-B3FB-271BAAC50EB0}.Release|x64.Build.0 = Release|Any CPU
		{786BFB60-D1AD-44AF-B3FB-271BAAC50EB0}.Release|x86.ActiveCfg = Release|Any CPU
		{786BFB60-D1AD-44AF-B3FB-271BAAC50EB0}.Release|x86.Build.0 = Release|Any CPU
		{B8810DF9-74A0-472A-B20C-F36F69B66499}.Debug|Any CPU.ActiveCfg = Debug|Any CPU
		{B8810DF9-74A0-472A-B20C-F36F69B66499}.Debug|Any CPU.Build.0 = Debug|Any CPU
		{B8810DF9-74A0-472A-B20C-F36F69B66499}.Debug|x64.ActiveCfg = Debug|Any CPU
		{B8810DF9-74A0-472A-B20C-F36F69B66499}.Debug|x64.Build.0 = Debug|Any CPU
		{B8810DF9-74A0-472A-B20C-F36F69B66499}.Debug|x86.ActiveCfg = Debug|Any CPU
		{B8810DF9-74A0-472A-B20C-F36F69B66499}.Debug|x86.Build.0 = Debug|Any CPU
		{B8810DF9-74A0-472A-B20C-F36F69B66499}.Release|Any CPU.ActiveCfg = Release|Any CPU
		{B8810DF9-74A0-472A-B20C-F36F69B66499}.Release|Any CPU.Build.0 = Release|Any CPU
		{B8810DF9-74A0-472A-B20C-F36F69B66499}.Release|x64.ActiveCfg = Release|Any CPU
		{B8810DF9-74A0-472A-B20C-F36F69B66499}.Release|x64.Build.0 = Release|Any CPU
		{B8810DF9-74A0-472A-B20C-F36F69B66499}.Release|x86.ActiveCfg = Release|Any CPU
		{B8810DF9-74A0-472A-B20C-F36F69B66499}.Release|x86.Build.0 = Release|Any CPU
		{296EF358-2B0B-4324-BA8B-69EF8E14D032}.Debug|Any CPU.ActiveCfg = Debug|Any CPU
		{296EF358-2B0B-4324-BA8B-69EF8E14D032}.Debug|Any CPU.Build.0 = Debug|Any CPU
		{296EF358-2B0B-4324-BA8B-69EF8E14D032}.Debug|x64.ActiveCfg = Debug|Any CPU
		{296EF358-2B0B-4324-BA8B-69EF8E14D032}.Debug|x64.Build.0 = Debug|Any CPU
		{296EF358-2B0B-4324-BA8B-69EF8E14D032}.Debug|x86.ActiveCfg = Debug|Any CPU
		{296EF358-2B0B-4324-BA8B-69EF8E14D032}.Debug|x86.Build.0 = Debug|Any CPU
		{296EF358-2B0B-4324-BA8B-69EF8E14D032}.Release|Any CPU.ActiveCfg = Release|Any CPU
		{296EF358-2B0B-4324-BA8B-69EF8E14D032}.Release|Any CPU.Build.0 = Release|Any CPU
		{296EF358-2B0B-4324-BA8B-69EF8E14D032}.Release|x64.ActiveCfg = Release|Any CPU
		{296EF358-2B0B-4324-BA8B-69EF8E14D032}.Release|x64.Build.0 = Release|Any CPU
		{296EF358-2B0B-4324-BA8B-69EF8E14D032}.Release|x86.ActiveCfg = Release|Any CPU
		{296EF358-2B0B-4324-BA8B-69EF8E14D032}.Release|x86.Build.0 = Release|Any CPU
		{2CDC05FE-E518-40AF-B341-01705D4910B8}.Debug|Any CPU.ActiveCfg = Debug|Any CPU
		{2CDC05FE-E518-40AF-B341-01705D4910B8}.Debug|Any CPU.Build.0 = Debug|Any CPU
		{2CDC05FE-E518-40AF-B341-01705D4910B8}.Debug|x64.ActiveCfg = Debug|Any CPU
		{2CDC05FE-E518-40AF-B341-01705D4910B8}.Debug|x64.Build.0 = Debug|Any CPU
		{2CDC05FE-E518-40AF-B341-01705D4910B8}.Debug|x86.ActiveCfg = Debug|Any CPU
		{2CDC05FE-E518-40AF-B341-01705D4910B8}.Debug|x86.Build.0 = Debug|Any CPU
		{2CDC05FE-E518-40AF-B341-01705D4910B8}.Release|Any CPU.ActiveCfg = Release|Any CPU
		{2CDC05FE-E518-40AF-B341-01705D4910B8}.Release|Any CPU.Build.0 = Release|Any CPU
		{2CDC05FE-E518-40AF-B341-01705D4910B8}.Release|x64.ActiveCfg = Release|Any CPU
		{2CDC05FE-E518-40AF-B341-01705D4910B8}.Release|x64.Build.0 = Release|Any CPU
		{2CDC05FE-E518-40AF-B341-01705D4910B8}.Release|x86.ActiveCfg = Release|Any CPU
		{2CDC05FE-E518-40AF-B341-01705D4910B8}.Release|x86.Build.0 = Release|Any CPU
		{1855EFD4-3578-45D3-952B-4AF0B161644A}.Debug|Any CPU.ActiveCfg = Debug|Any CPU
		{1855EFD4-3578-45D3-952B-4AF0B161644A}.Debug|Any CPU.Build.0 = Debug|Any CPU
		{1855EFD4-3578-45D3-952B-4AF0B161644A}.Debug|x64.ActiveCfg = Debug|Any CPU
		{1855EFD4-3578-45D3-952B-4AF0B161644A}.Debug|x64.Build.0 = Debug|Any CPU
		{1855EFD4-3578-45D3-952B-4AF0B161644A}.Debug|x86.ActiveCfg = Debug|Any CPU
		{1855EFD4-3578-45D3-952B-4AF0B161644A}.Debug|x86.Build.0 = Debug|Any CPU
		{1855EFD4-3578-45D3-952B-4AF0B161644A}.Release|Any CPU.ActiveCfg = Release|Any CPU
		{1855EFD4-3578-45D3-952B-4AF0B161644A}.Release|Any CPU.Build.0 = Release|Any CPU
		{1855EFD4-3578-45D3-952B-4AF0B161644A}.Release|x64.ActiveCfg = Release|Any CPU
		{1855EFD4-3578-45D3-952B-4AF0B161644A}.Release|x64.Build.0 = Release|Any CPU
		{1855EFD4-3578-45D3-952B-4AF0B161644A}.Release|x86.ActiveCfg = Release|Any CPU
		{1855EFD4-3578-45D3-952B-4AF0B161644A}.Release|x86.Build.0 = Release|Any CPU
		{2D5342BD-4C29-4894-A805-CA67472EC161}.Debug|Any CPU.ActiveCfg = Debug|Any CPU
		{2D5342BD-4C29-4894-A805-CA67472EC161}.Debug|Any CPU.Build.0 = Debug|Any CPU
		{2D5342BD-4C29-4894-A805-CA67472EC161}.Debug|x64.ActiveCfg = Debug|Any CPU
		{2D5342BD-4C29-4894-A805-CA67472EC161}.Debug|x64.Build.0 = Debug|Any CPU
		{2D5342BD-4C29-4894-A805-CA67472EC161}.Debug|x86.ActiveCfg = Debug|Any CPU
		{2D5342BD-4C29-4894-A805-CA67472EC161}.Debug|x86.Build.0 = Debug|Any CPU
		{2D5342BD-4C29-4894-A805-CA67472EC161}.Release|Any CPU.ActiveCfg = Release|Any CPU
		{2D5342BD-4C29-4894-A805-CA67472EC161}.Release|Any CPU.Build.0 = Release|Any CPU
		{2D5342BD-4C29-4894-A805-CA67472EC161}.Release|x64.ActiveCfg = Release|Any CPU
		{2D5342BD-4C29-4894-A805-CA67472EC161}.Release|x64.Build.0 = Release|Any CPU
		{2D5342BD-4C29-4894-A805-CA67472EC161}.Release|x86.ActiveCfg = Release|Any CPU
		{2D5342BD-4C29-4894-A805-CA67472EC161}.Release|x86.Build.0 = Release|Any CPU
		{4ACDB204-1188-4960-95DE-899BF8DCF74C}.Debug|Any CPU.ActiveCfg = Debug|Any CPU
		{4ACDB204-1188-4960-95DE-899BF8DCF74C}.Debug|Any CPU.Build.0 = Debug|Any CPU
		{4ACDB204-1188-4960-95DE-899BF8DCF74C}.Debug|x64.ActiveCfg = Debug|Any CPU
		{4ACDB204-1188-4960-95DE-899BF8DCF74C}.Debug|x64.Build.0 = Debug|Any CPU
		{4ACDB204-1188-4960-95DE-899BF8DCF74C}.Debug|x86.ActiveCfg = Debug|Any CPU
		{4ACDB204-1188-4960-95DE-899BF8DCF74C}.Debug|x86.Build.0 = Debug|Any CPU
		{4ACDB204-1188-4960-95DE-899BF8DCF74C}.Release|Any CPU.ActiveCfg = Release|Any CPU
		{4ACDB204-1188-4960-95DE-899BF8DCF74C}.Release|Any CPU.Build.0 = Release|Any CPU
		{4ACDB204-1188-4960-95DE-899BF8DCF74C}.Release|x64.ActiveCfg = Release|Any CPU
		{4ACDB204-1188-4960-95DE-899BF8DCF74C}.Release|x64.Build.0 = Release|Any CPU
		{4ACDB204-1188-4960-95DE-899BF8DCF74C}.Release|x86.ActiveCfg = Release|Any CPU
		{4ACDB204-1188-4960-95DE-899BF8DCF74C}.Release|x86.Build.0 = Release|Any CPU
		{F12C2E14-21E3-4272-AB76-7D0D972EE1EB}.Debug|Any CPU.ActiveCfg = Debug|Any CPU
		{F12C2E14-21E3-4272-AB76-7D0D972EE1EB}.Debug|Any CPU.Build.0 = Debug|Any CPU
		{F12C2E14-21E3-4272-AB76-7D0D972EE1EB}.Debug|x64.ActiveCfg = Debug|Any CPU
		{F12C2E14-21E3-4272-AB76-7D0D972EE1EB}.Debug|x64.Build.0 = Debug|Any CPU
		{F12C2E14-21E3-4272-AB76-7D0D972EE1EB}.Debug|x86.ActiveCfg = Debug|Any CPU
		{F12C2E14-21E3-4272-AB76-7D0D972EE1EB}.Debug|x86.Build.0 = Debug|Any CPU
		{F12C2E14-21E3-4272-AB76-7D0D972EE1EB}.Release|Any CPU.ActiveCfg = Release|Any CPU
		{F12C2E14-21E3-4272-AB76-7D0D972EE1EB}.Release|Any CPU.Build.0 = Release|Any CPU
		{F12C2E14-21E3-4272-AB76-7D0D972EE1EB}.Release|x64.ActiveCfg = Release|Any CPU
		{F12C2E14-21E3-4272-AB76-7D0D972EE1EB}.Release|x64.Build.0 = Release|Any CPU
		{F12C2E14-21E3-4272-AB76-7D0D972EE1EB}.Release|x86.ActiveCfg = Release|Any CPU
		{F12C2E14-21E3-4272-AB76-7D0D972EE1EB}.Release|x86.Build.0 = Release|Any CPU
		{52538202-A381-443B-946D-26E0D1C9F9C2}.Debug|Any CPU.ActiveCfg = Debug|Any CPU
		{52538202-A381-443B-946D-26E0D1C9F9C2}.Debug|Any CPU.Build.0 = Debug|Any CPU
		{52538202-A381-443B-946D-26E0D1C9F9C2}.Debug|x64.ActiveCfg = Debug|Any CPU
		{52538202-A381-443B-946D-26E0D1C9F9C2}.Debug|x64.Build.0 = Debug|Any CPU
		{52538202-A381-443B-946D-26E0D1C9F9C2}.Debug|x86.ActiveCfg = Debug|Any CPU
		{52538202-A381-443B-946D-26E0D1C9F9C2}.Debug|x86.Build.0 = Debug|Any CPU
		{52538202-A381-443B-946D-26E0D1C9F9C2}.Release|Any CPU.ActiveCfg = Release|Any CPU
		{52538202-A381-443B-946D-26E0D1C9F9C2}.Release|Any CPU.Build.0 = Release|Any CPU
		{52538202-A381-443B-946D-26E0D1C9F9C2}.Release|x64.ActiveCfg = Release|Any CPU
		{52538202-A381-443B-946D-26E0D1C9F9C2}.Release|x64.Build.0 = Release|Any CPU
		{52538202-A381-443B-946D-26E0D1C9F9C2}.Release|x86.ActiveCfg = Release|Any CPU
		{52538202-A381-443B-946D-26E0D1C9F9C2}.Release|x86.Build.0 = Release|Any CPU
	EndGlobalSection
	GlobalSection(SolutionProperties) = preSolution
		HideSolutionNode = FALSE
	EndGlobalSection
	GlobalSection(NestedProjects) = preSolution
		{7B7CFF27-CB38-4661-9CFC-473B4E38F0DE} = {FEE2B9AB-A1D0-41BA-A172-FC95935542DF}
		{5CDEE44D-8AC2-4E7C-90CC-669E336F2D15} = {FEE2B9AB-A1D0-41BA-A172-FC95935542DF}
		{FEE2B9AB-A1D0-41BA-A172-FC95935542DF} = {5A3F5158-7B17-4586-9885-9E60C1393185}
		{A8550C24-2486-49DA-8D1A-DB6BBB2E9905} = {42EBB7E4-52D7-4E57-80AD-79FDD4900E13}
		{2FF12B46-BA5C-4B6C-BD94-3556C3F25722} = {A0CED9FB-5B18-4EE3-859F-CE3A6F90A82A}
		{AF21B7BD-7399-41B7-B0D4-08ACDC952E50} = {FEE2B9AB-A1D0-41BA-A172-FC95935542DF}
		{D187E614-CA8A-4146-A9A6-BBCAFB418F91} = {1987061F-8970-4018-8D58-6932961C9EB4}
		{802B07E3-AD0C-4D32-A5A9-15C60E2D9308} = {1987061F-8970-4018-8D58-6932961C9EB4}
		{B47042A4-20B6-42AA-8258-A7C09E9CE01D} = {1987061F-8970-4018-8D58-6932961C9EB4}
		{CF3F73F9-A997-4F8C-A4B9-B8564B171260} = {1987061F-8970-4018-8D58-6932961C9EB4}
		{81955BC9-36DA-40C8-ADC3-29BD51BB0397} = {7ACC27E8-8FBE-4807-B91F-B89AF3CFF7E0}
		{3C8A3C7E-C4EC-4A5D-931E-17F57A371A59} = {2FF12B46-BA5C-4B6C-BD94-3556C3F25722}
		{C5AFA02C-9430-4C53-8941-8EB19EB1EC83} = {2FF12B46-BA5C-4B6C-BD94-3556C3F25722}
		{6FE4B6F4-98EA-4958-81AD-E8FABEDE3D57} = {2FF12B46-BA5C-4B6C-BD94-3556C3F25722}
		{908E0EB1-B668-48AE-B1EC-4A8E6E1AA11A} = {2FF12B46-BA5C-4B6C-BD94-3556C3F25722}
		{786BFB60-D1AD-44AF-B3FB-271BAAC50EB0} = {2FF12B46-BA5C-4B6C-BD94-3556C3F25722}
		{B8810DF9-74A0-472A-B20C-F36F69B66499} = {2FF12B46-BA5C-4B6C-BD94-3556C3F25722}
		{296EF358-2B0B-4324-BA8B-69EF8E14D032} = {2FF12B46-BA5C-4B6C-BD94-3556C3F25722}
		{2CDC05FE-E518-40AF-B341-01705D4910B8} = {1987061F-8970-4018-8D58-6932961C9EB4}
		{1855EFD4-3578-45D3-952B-4AF0B161644A} = {1987061F-8970-4018-8D58-6932961C9EB4}
		{2D5342BD-4C29-4894-A805-CA67472EC161} = {7ACC27E8-8FBE-4807-B91F-B89AF3CFF7E0}
		{4ACDB204-1188-4960-95DE-899BF8DCF74C} = {1987061F-8970-4018-8D58-6932961C9EB4}
		{F12C2E14-21E3-4272-AB76-7D0D972EE1EB} = {7ACC27E8-8FBE-4807-B91F-B89AF3CFF7E0}
		{52538202-A381-443B-946D-26E0D1C9F9C2} = {7ACC27E8-8FBE-4807-B91F-B89AF3CFF7E0}
	EndGlobalSection
	GlobalSection(ExtensibilityGlobals) = postSolution
		SolutionGuid = {D5B2E7E3-B727-40A1-BE68-7BAC9B9DE2FE}
	EndGlobalSection
EndGlobal
