
Microsoft Visual Studio Solution File, Format Version 12.00
# Visual Studio Version 16
VisualStudioVersion = 16.0.29509.3
MinimumVisualStudioVersion = 10.0.40219.1
Project("{9A19103F-16F7-4668-BE54-9A1E7A4F7556}") = "ChatApp.Server", "ChatApp.Server\ChatApp.Server.csproj", "{053476FC-B8B2-4A14-AED2-3733DFD5DFC3}"
EndProject
Project("{9A19103F-16F7-4668-BE54-9A1E7A4F7556}") = "ChatApp.Shared", "ChatApp.Shared\ChatApp.Shared.csproj", "{C71FCFFD-1FB9-4FD8-9DC3-6A60B2F3D848}"
EndProject
Project("{FAE04EC0-301F-11D3-BF4B-00C04F79EFBC}") = "ChatApp.Console", "ChatApp.Console\ChatApp.Console.csproj", "{84116529-9670-4005-8002-206BD3E01274}"
EndProject
Project("{FAE04EC0-301F-11D3-BF4B-00C04F79EFBC}") = "ChatApp.Client.Console", "ChatApp.Client.Console\ChatApp.Client.Console.csproj", "{DC769FC2-4BEE-4252-A82E-4463F596350D}"
EndProject
Project("{FAE04EC0-301F-11D3-BF4B-00C04F79EFBC}") = "PulseRPC.Client", "..\..\src\PulseRPC.Client\PulseRPC.Client.csproj", "{725B5AFE-B76F-4668-9AC4-24375B800532}"
EndProject
Project("{FAE04EC0-301F-11D3-BF4B-00C04F79EFBC}") = "PulseRPC.Abstractions", "..\..\src\PulseRPC.Abstractions\PulseRPC.Abstractions.csproj", "{767AA258-76ED-4F8E-8C49-A2131D1BA0F8}"
EndProject
Project("{FAE04EC0-301F-11D3-BF4B-00C04F79EFBC}") = "PulseRPC.Shared", "..\..\src\PulseRPC.Shared\PulseRPC.Shared.csproj", "{78D8014A-8EFA-4F1E-B37E-638C5664FC85}"
EndProject
Project("{FAE04EC0-301F-11D3-BF4B-00C04F79EFBC}") = "PulseRPC.Client.SourceGenerator", "..\..\src\PulseRPC.Client.SourceGenerator\PulseRPC.Client.SourceGenerator.csproj", "{D94B1970-1D36-4E95-B77D-511949C1CAA4}"
EndProject
Global
	GlobalSection(SolutionConfigurationPlatforms) = preSolution
		Debug|Any CPU = Debug|Any CPU
		Debug|x64 = Debug|x64
		Debug|x86 = Debug|x86
		Release|Any CPU = Release|Any CPU
		Release|x64 = Release|x64
		Release|x86 = Release|x86
	EndGlobalSection
	GlobalSection(ProjectConfigurationPlatforms) = postSolution
		{053476FC-B8B2-4A14-AED2-3733DFD5DFC3}.Debug|Any CPU.ActiveCfg = Debug|Any CPU
		{053476FC-B8B2-4A14-AED2-3733DFD5DFC3}.Debug|Any CPU.Build.0 = Debug|Any CPU
		{053476FC-B8B2-4A14-AED2-3733DFD5DFC3}.Debug|x64.ActiveCfg = Debug|Any CPU
		{053476FC-B8B2-4A14-AED2-3733DFD5DFC3}.Debug|x64.Build.0 = Debug|Any CPU
		{053476FC-B8B2-4A14-AED2-3733DFD5DFC3}.Debug|x86.ActiveCfg = Debug|Any CPU
		{053476FC-B8B2-4A14-AED2-3733DFD5DFC3}.Debug|x86.Build.0 = Debug|Any CPU
		{053476FC-B8B2-4A14-AED2-3733DFD5DFC3}.Release|Any CPU.ActiveCfg = Release|Any CPU
		{053476FC-B8B2-4A14-AED2-3733DFD5DFC3}.Release|Any CPU.Build.0 = Release|Any CPU
		{053476FC-B8B2-4A14-AED2-3733DFD5DFC3}.Release|x64.ActiveCfg = Release|Any CPU
		{053476FC-B8B2-4A14-AED2-3733DFD5DFC3}.Release|x64.Build.0 = Release|Any CPU
		{053476FC-B8B2-4A14-AED2-3733DFD5DFC3}.Release|x86.ActiveCfg = Release|Any CPU
		{053476FC-B8B2-4A14-AED2-3733DFD5DFC3}.Release|x86.Build.0 = Release|Any CPU
		{C71FCFFD-1FB9-4FD8-9DC3-6A60B2F3D848}.Debug|Any CPU.ActiveCfg = Debug|Any CPU
		{C71FCFFD-1FB9-4FD8-9DC3-6A60B2F3D848}.Debug|Any CPU.Build.0 = Debug|Any CPU
		{C71FCFFD-1FB9-4FD8-9DC3-6A60B2F3D848}.Debug|x64.ActiveCfg = Debug|Any CPU
		{C71FCFFD-1FB9-4FD8-9DC3-6A60B2F3D848}.Debug|x64.Build.0 = Debug|Any CPU
		{C71FCFFD-1FB9-4FD8-9DC3-6A60B2F3D848}.Debug|x86.ActiveCfg = Debug|Any CPU
		{C71FCFFD-1FB9-4FD8-9DC3-6A60B2F3D848}.Debug|x86.Build.0 = Debug|Any CPU
		{C71FCFFD-1FB9-4FD8-9DC3-6A60B2F3D848}.Release|Any CPU.ActiveCfg = Release|Any CPU
		{C71FCFFD-1FB9-4FD8-9DC3-6A60B2F3D848}.Release|Any CPU.Build.0 = Release|Any CPU
		{C71FCFFD-1FB9-4FD8-9DC3-6A60B2F3D848}.Release|x64.ActiveCfg = Release|Any CPU
		{C71FCFFD-1FB9-4FD8-9DC3-6A60B2F3D848}.Release|x64.Build.0 = Release|Any CPU
		{C71FCFFD-1FB9-4FD8-9DC3-6A60B2F3D848}.Release|x86.ActiveCfg = Release|Any CPU
		{C71FCFFD-1FB9-4FD8-9DC3-6A60B2F3D848}.Release|x86.Build.0 = Release|Any CPU
		{84116529-9670-4005-8002-206BD3E01274}.Debug|Any CPU.ActiveCfg = Debug|Any CPU
		{84116529-9670-4005-8002-206BD3E01274}.Debug|Any CPU.Build.0 = Debug|Any CPU
		{84116529-9670-4005-8002-206BD3E01274}.Debug|x64.ActiveCfg = Debug|Any CPU
		{84116529-9670-4005-8002-206BD3E01274}.Debug|x64.Build.0 = Debug|Any CPU
		{84116529-9670-4005-8002-206BD3E01274}.Debug|x86.ActiveCfg = Debug|Any CPU
		{84116529-9670-4005-8002-206BD3E01274}.Debug|x86.Build.0 = Debug|Any CPU
		{84116529-9670-4005-8002-206BD3E01274}.Release|Any CPU.ActiveCfg = Release|Any CPU
		{84116529-9670-4005-8002-206BD3E01274}.Release|Any CPU.Build.0 = Release|Any CPU
		{84116529-9670-4005-8002-206BD3E01274}.Release|x64.ActiveCfg = Release|Any CPU
		{84116529-9670-4005-8002-206BD3E01274}.Release|x64.Build.0 = Release|Any CPU
		{84116529-9670-4005-8002-206BD3E01274}.Release|x86.ActiveCfg = Release|Any CPU
		{84116529-9670-4005-8002-206BD3E01274}.Release|x86.Build.0 = Release|Any CPU
		{DC769FC2-4BEE-4252-A82E-4463F596350D}.Debug|Any CPU.ActiveCfg = Debug|Any CPU
		{DC769FC2-4BEE-4252-A82E-4463F596350D}.Debug|Any CPU.Build.0 = Debug|Any CPU
		{DC769FC2-4BEE-4252-A82E-4463F596350D}.Debug|x64.ActiveCfg = Debug|Any CPU
		{DC769FC2-4BEE-4252-A82E-4463F596350D}.Debug|x64.Build.0 = Debug|Any CPU
		{DC769FC2-4BEE-4252-A82E-4463F596350D}.Debug|x86.ActiveCfg = Debug|Any CPU
		{DC769FC2-4BEE-4252-A82E-4463F596350D}.Debug|x86.Build.0 = Debug|Any CPU
		{DC769FC2-4BEE-4252-A82E-4463F596350D}.Release|Any CPU.ActiveCfg = Release|Any CPU
		{DC769FC2-4BEE-4252-A82E-4463F596350D}.Release|Any CPU.Build.0 = Release|Any CPU
		{DC769FC2-4BEE-4252-A82E-4463F596350D}.Release|x64.ActiveCfg = Release|Any CPU
		{DC769FC2-4BEE-4252-A82E-4463F596350D}.Release|x64.Build.0 = Release|Any CPU
		{DC769FC2-4BEE-4252-A82E-4463F596350D}.Release|x86.ActiveCfg = Release|Any CPU
		{DC769FC2-4BEE-4252-A82E-4463F596350D}.Release|x86.Build.0 = Release|Any CPU
		{725B5AFE-B76F-4668-9AC4-24375B800532}.Debug|Any CPU.ActiveCfg = Debug|Any CPU
		{725B5AFE-B76F-4668-9AC4-24375B800532}.Debug|Any CPU.Build.0 = Debug|Any CPU
		{725B5AFE-B76F-4668-9AC4-24375B800532}.Debug|x64.ActiveCfg = Debug|Any CPU
		{725B5AFE-B76F-4668-9AC4-24375B800532}.Debug|x64.Build.0 = Debug|Any CPU
		{725B5AFE-B76F-4668-9AC4-24375B800532}.Debug|x86.ActiveCfg = Debug|Any CPU
		{725B5AFE-B76F-4668-9AC4-24375B800532}.Debug|x86.Build.0 = Debug|Any CPU
		{725B5AFE-B76F-4668-9AC4-24375B800532}.Release|Any CPU.ActiveCfg = Release|Any CPU
		{725B5AFE-B76F-4668-9AC4-24375B800532}.Release|Any CPU.Build.0 = Release|Any CPU
		{725B5AFE-B76F-4668-9AC4-24375B800532}.Release|x64.ActiveCfg = Release|Any CPU
		{725B5AFE-B76F-4668-9AC4-24375B800532}.Release|x64.Build.0 = Release|Any CPU
		{725B5AFE-B76F-4668-9AC4-24375B800532}.Release|x86.ActiveCfg = Release|Any CPU
		{725B5AFE-B76F-4668-9AC4-24375B800532}.Release|x86.Build.0 = Release|Any CPU
		{767AA258-76ED-4F8E-8C49-A2131D1BA0F8}.Debug|Any CPU.ActiveCfg = Debug|Any CPU
		{767AA258-76ED-4F8E-8C49-A2131D1BA0F8}.Debug|Any CPU.Build.0 = Debug|Any CPU
		{767AA258-76ED-4F8E-8C49-A2131D1BA0F8}.Debug|x64.ActiveCfg = Debug|Any CPU
		{767AA258-76ED-4F8E-8C49-A2131D1BA0F8}.Debug|x64.Build.0 = Debug|Any CPU
		{767AA258-76ED-4F8E-8C49-A2131D1BA0F8}.Debug|x86.ActiveCfg = Debug|Any CPU
		{767AA258-76ED-4F8E-8C49-A2131D1BA0F8}.Debug|x86.Build.0 = Debug|Any CPU
		{767AA258-76ED-4F8E-8C49-A2131D1BA0F8}.Release|Any CPU.ActiveCfg = Release|Any CPU
		{767AA258-76ED-4F8E-8C49-A2131D1BA0F8}.Release|Any CPU.Build.0 = Release|Any CPU
		{767AA258-76ED-4F8E-8C49-A2131D1BA0F8}.Release|x64.ActiveCfg = Release|Any CPU
		{767AA258-76ED-4F8E-8C49-A2131D1BA0F8}.Release|x64.Build.0 = Release|Any CPU
		{767AA258-76ED-4F8E-8C49-A2131D1BA0F8}.Release|x86.ActiveCfg = Release|Any CPU
		{767AA258-76ED-4F8E-8C49-A2131D1BA0F8}.Release|x86.Build.0 = Release|Any CPU
		{78D8014A-8EFA-4F1E-B37E-638C5664FC85}.Debug|Any CPU.ActiveCfg = Debug|Any CPU
		{78D8014A-8EFA-4F1E-B37E-638C5664FC85}.Debug|Any CPU.Build.0 = Debug|Any CPU
		{78D8014A-8EFA-4F1E-B37E-638C5664FC85}.Debug|x64.ActiveCfg = Debug|Any CPU
		{78D8014A-8EFA-4F1E-B37E-638C5664FC85}.Debug|x64.Build.0 = Debug|Any CPU
		{78D8014A-8EFA-4F1E-B37E-638C5664FC85}.Debug|x86.ActiveCfg = Debug|Any CPU
		{78D8014A-8EFA-4F1E-B37E-638C5664FC85}.Debug|x86.Build.0 = Debug|Any CPU
		{78D8014A-8EFA-4F1E-B37E-638C5664FC85}.Release|Any CPU.ActiveCfg = Release|Any CPU
		{78D8014A-8EFA-4F1E-B37E-638C5664FC85}.Release|Any CPU.Build.0 = Release|Any CPU
		{78D8014A-8EFA-4F1E-B37E-638C5664FC85}.Release|x64.ActiveCfg = Release|Any CPU
		{78D8014A-8EFA-4F1E-B37E-638C5664FC85}.Release|x64.Build.0 = Release|Any CPU
		{78D8014A-8EFA-4F1E-B37E-638C5664FC85}.Release|x86.ActiveCfg = Release|Any CPU
		{78D8014A-8EFA-4F1E-B37E-638C5664FC85}.Release|x86.Build.0 = Release|Any CPU
		{D94B1970-1D36-4E95-B77D-511949C1CAA4}.Debug|Any CPU.ActiveCfg = Debug|Any CPU
		{D94B1970-1D36-4E95-B77D-511949C1CAA4}.Debug|Any CPU.Build.0 = Debug|Any CPU
		{D94B1970-1D36-4E95-B77D-511949C1CAA4}.Debug|x64.ActiveCfg = Debug|Any CPU
		{D94B1970-1D36-4E95-B77D-511949C1CAA4}.Debug|x64.Build.0 = Debug|Any CPU
		{D94B1970-1D36-4E95-B77D-511949C1CAA4}.Debug|x86.ActiveCfg = Debug|Any CPU
		{D94B1970-1D36-4E95-B77D-511949C1CAA4}.Debug|x86.Build.0 = Debug|Any CPU
		{D94B1970-1D36-4E95-B77D-511949C1CAA4}.Release|Any CPU.ActiveCfg = Release|Any CPU
		{D94B1970-1D36-4E95-B77D-511949C1CAA4}.Release|Any CPU.Build.0 = Release|Any CPU
		{D94B1970-1D36-4E95-B77D-511949C1CAA4}.Release|x64.ActiveCfg = Release|Any CPU
		{D94B1970-1D36-4E95-B77D-511949C1CAA4}.Release|x64.Build.0 = Release|Any CPU
		{D94B1970-1D36-4E95-B77D-511949C1CAA4}.Release|x86.ActiveCfg = Release|Any CPU
		{D94B1970-1D36-4E95-B77D-511949C1CAA4}.Release|x86.Build.0 = Release|Any CPU
	EndGlobalSection
	GlobalSection(SolutionProperties) = preSolution
		HideSolutionNode = FALSE
	EndGlobalSection
	GlobalSection(ExtensibilityGlobals) = postSolution
		SolutionGuid = {30D3EFC0-A5F4-4446-B14E-1C2C1740AA87}
	EndGlobalSection
EndGlobal
