Microsoft Visual Studio Solution File, Format Version 12.00
# Visual Studio Version 17
VisualStudioVersion = 17.0.31903.59
MinimumVisualStudioVersion = 10.0.40219.1

Project("{2150E333-8FDC-42A3-9474-1A3956D46DE8}") = "src", "src", "{8BC9CEB8-8B4A-11D0-8D11-00A0C91BC942}"
EndProject

Project("{2150E333-8FDC-42A3-9474-1A3956D46DE8}") = "docs", "docs", "{2150E333-8FDC-42A3-9474-1A3956D46DE8}"
	ProjectSection(SolutionItems) = preProject
		docs\README.md = docs\README.md
		docs\architecture.md = docs\architecture.md
		docs\api-design.md = docs\api-design.md
		docs\database-design.md = docs\database-design.md
		docs\development-plan.md = docs\development-plan.md
		docs\deployment-plan.md = docs\deployment-plan.md
		docs\game_login_flowchart.mermaid = docs\game_login_flowchart.mermaid
	EndProjectSection
EndProject

Project("{2150E333-8FDC-42A3-9474-1A3956D46DE8}") = "scripts", "scripts", "{F184B08F-C81C-45F6-A57F-5ABD9991F28F}"
	ProjectSection(SolutionItems) = preProject
		scripts\start-dev.sh = scripts\start-dev.sh
		scripts\stop-dev.sh = scripts\stop-dev.sh
		scripts\reset-dev.sh = scripts\reset-dev.sh
	EndProjectSection
EndProject

Project("{2150E333-8FDC-42A3-9474-1A3956D46DE8}") = "docker", "docker", "{6C7C4B20-1B8A-4E1A-9C2D-3E4F5A6B7C8D}"
	ProjectSection(SolutionItems) = preProject
		docker\docker-compose.yml = docker\docker-compose.yml
		docker\mongodb\init-dev.js = docker\mongodb\init-dev.js
		docker\redis\redis.conf = docker\redis\redis.conf
		docker\consul\consul.json = docker\consul\consul.json
	EndProjectSection
EndProject

Project("{2150E333-8FDC-42A3-9474-1A3956D46DE8}") = "client", "client", "{D5FE74E1-B743-11D0-AE1A-00A0C90FFFC6}"
EndProject
Project("{FAE04EC0-301F-11D3-BF4B-00C04F79EFBC}") = "GameApp.AuthServer", "src\GameApp.AuthServer\GameApp.AuthServer.csproj", "{D09A8DF8-5DC1-45AC-9448-8BF443FA307C}"
EndProject
Project("{FAE04EC0-301F-11D3-BF4B-00C04F79EFBC}") = "GameApp.BattleServer", "src\GameApp.BattleServer\GameApp.BattleServer.csproj", "{F8959B20-2698-471B-A8DF-5F723ACC469D}"
EndProject
Project("{FAE04EC0-301F-11D3-BF4B-00C04F79EFBC}") = "GameApp.GameServer", "src\GameApp.GameServer\GameApp.GameServer.csproj", "{2A0B4767-AFEB-408A-8E75-8FA7010D7BC3}"
EndProject
Project("{FAE04EC0-301F-11D3-BF4B-00C04F79EFBC}") = "GameApp.Infrastructure", "src\GameApp.Infrastructure\GameApp.Infrastructure.csproj", "{347F3463-48F8-499B-BDE6-F254E5985D5B}"
EndProject
Project("{FAE04EC0-301F-11D3-BF4B-00C04F79EFBC}") = "GameApp.Shared", "src\GameApp.Shared\GameApp.Shared.csproj", "{D098D3A8-B0DE-46E7-AA5B-BE097B0CECE3}"
EndProject
Project("{FAE04EC0-301F-11D3-BF4B-00C04F79EFBC}") = "GameApp.AuthServer.Tests", "tests\GameApp.AuthServer.Tests\GameApp.AuthServer.Tests.csproj", "{ACCA0F1A-8EE5-4899-8A93-0D14B34FC07F}"
EndProject
Project("{2150E333-8FDC-42A3-9474-1A3956D46DE8}") = "test", "test", "{F141624E-6B75-4385-B37F-E60255AB42F1}"
EndProject
Project("{FAE04EC0-301F-11D3-BF4B-00C04F79EFBC}") = "GameApp.Integration.Tests", "tests\GameApp.Integration.Tests\GameApp.Integration.Tests.csproj", "{569FD229-240C-4EE3-B9C2-C4B4D57DD8A3}"
EndProject
Project("{FAE04EC0-301F-11D3-BF4B-00C04F79EFBC}") = "GameApp.SystemTests", "tests\GameApp.SystemTests\GameApp.SystemTests.csproj", "{CCC7AA50-83F2-4AE2-9D29-8CCF7C577FB3}"
EndProject

Global
	GlobalSection(SolutionConfigurationPlatforms) = preSolution
		Debug|Any CPU = Debug|Any CPU
		Release|Any CPU = Release|Any CPU
	EndGlobalSection
	GlobalSection(ProjectConfigurationPlatforms) = postSolution
		{A2FE74E1-B743-11D0-AE1A-00A0C90FFFC3}.Debug|Any CPU.ActiveCfg = Debug|Any CPU
		{A2FE74E1-B743-11D0-AE1A-00A0C90FFFC3}.Debug|Any CPU.Build.0 = Debug|Any CPU
		{A2FE74E1-B743-11D0-AE1A-00A0C90FFFC3}.Release|Any CPU.ActiveCfg = Release|Any CPU
		{A2FE74E1-B743-11D0-AE1A-00A0C90FFFC3}.Release|Any CPU.Build.0 = Release|Any CPU
		{B3FE74E1-B743-11D0-AE1A-00A0C90FFFC4}.Debug|Any CPU.ActiveCfg = Debug|Any CPU
		{B3FE74E1-B743-11D0-AE1A-00A0C90FFFC4}.Debug|Any CPU.Build.0 = Debug|Any CPU
		{B3FE74E1-B743-11D0-AE1A-00A0C90FFFC4}.Release|Any CPU.ActiveCfg = Release|Any CPU
		{B3FE74E1-B743-11D0-AE1A-00A0C90FFFC4}.Release|Any CPU.Build.0 = Release|Any CPU
		{C4FE74E1-B743-11D0-AE1A-00A0C90FFFC5}.Debug|Any CPU.ActiveCfg = Debug|Any CPU
		{C4FE74E1-B743-11D0-AE1A-00A0C90FFFC5}.Debug|Any CPU.Build.0 = Debug|Any CPU
		{C4FE74E1-B743-11D0-AE1A-00A0C90FFFC5}.Release|Any CPU.ActiveCfg = Release|Any CPU
		{C4FE74E1-B743-11D0-AE1A-00A0C90FFFC5}.Release|Any CPU.Build.0 = Release|Any CPU
		{F7FE74E1-B743-11D0-AE1A-00A0C90FFFC8}.Debug|Any CPU.ActiveCfg = Debug|Any CPU
		{F7FE74E1-B743-11D0-AE1A-00A0C90FFFC8}.Debug|Any CPU.Build.0 = Debug|Any CPU
		{F7FE74E1-B743-11D0-AE1A-00A0C90FFFC8}.Release|Any CPU.ActiveCfg = Release|Any CPU
		{F7FE74E1-B743-11D0-AE1A-00A0C90FFFC8}.Release|Any CPU.Build.0 = Release|Any CPU
		{D09A8DF8-5DC1-45AC-9448-8BF443FA307C}.Debug|Any CPU.ActiveCfg = Debug|Any CPU
		{D09A8DF8-5DC1-45AC-9448-8BF443FA307C}.Debug|Any CPU.Build.0 = Debug|Any CPU
		{D09A8DF8-5DC1-45AC-9448-8BF443FA307C}.Release|Any CPU.ActiveCfg = Release|Any CPU
		{D09A8DF8-5DC1-45AC-9448-8BF443FA307C}.Release|Any CPU.Build.0 = Release|Any CPU
		{F8959B20-2698-471B-A8DF-5F723ACC469D}.Debug|Any CPU.ActiveCfg = Debug|Any CPU
		{F8959B20-2698-471B-A8DF-5F723ACC469D}.Debug|Any CPU.Build.0 = Debug|Any CPU
		{F8959B20-2698-471B-A8DF-5F723ACC469D}.Release|Any CPU.ActiveCfg = Release|Any CPU
		{F8959B20-2698-471B-A8DF-5F723ACC469D}.Release|Any CPU.Build.0 = Release|Any CPU
		{2A0B4767-AFEB-408A-8E75-8FA7010D7BC3}.Debug|Any CPU.ActiveCfg = Debug|Any CPU
		{2A0B4767-AFEB-408A-8E75-8FA7010D7BC3}.Debug|Any CPU.Build.0 = Debug|Any CPU
		{2A0B4767-AFEB-408A-8E75-8FA7010D7BC3}.Release|Any CPU.ActiveCfg = Release|Any CPU
		{2A0B4767-AFEB-408A-8E75-8FA7010D7BC3}.Release|Any CPU.Build.0 = Release|Any CPU
		{347F3463-48F8-499B-BDE6-F254E5985D5B}.Debug|Any CPU.ActiveCfg = Debug|Any CPU
		{347F3463-48F8-499B-BDE6-F254E5985D5B}.Debug|Any CPU.Build.0 = Debug|Any CPU
		{347F3463-48F8-499B-BDE6-F254E5985D5B}.Release|Any CPU.ActiveCfg = Release|Any CPU
		{347F3463-48F8-499B-BDE6-F254E5985D5B}.Release|Any CPU.Build.0 = Release|Any CPU
		{D098D3A8-B0DE-46E7-AA5B-BE097B0CECE3}.Debug|Any CPU.ActiveCfg = Debug|Any CPU
		{D098D3A8-B0DE-46E7-AA5B-BE097B0CECE3}.Debug|Any CPU.Build.0 = Debug|Any CPU
		{D098D3A8-B0DE-46E7-AA5B-BE097B0CECE3}.Release|Any CPU.ActiveCfg = Release|Any CPU
		{D098D3A8-B0DE-46E7-AA5B-BE097B0CECE3}.Release|Any CPU.Build.0 = Release|Any CPU
		{ACCA0F1A-8EE5-4899-8A93-0D14B34FC07F}.Debug|Any CPU.ActiveCfg = Debug|Any CPU
		{ACCA0F1A-8EE5-4899-8A93-0D14B34FC07F}.Debug|Any CPU.Build.0 = Debug|Any CPU
		{ACCA0F1A-8EE5-4899-8A93-0D14B34FC07F}.Release|Any CPU.ActiveCfg = Release|Any CPU
		{ACCA0F1A-8EE5-4899-8A93-0D14B34FC07F}.Release|Any CPU.Build.0 = Release|Any CPU
		{569FD229-240C-4EE3-B9C2-C4B4D57DD8A3}.Debug|Any CPU.ActiveCfg = Debug|Any CPU
		{569FD229-240C-4EE3-B9C2-C4B4D57DD8A3}.Debug|Any CPU.Build.0 = Debug|Any CPU
		{569FD229-240C-4EE3-B9C2-C4B4D57DD8A3}.Release|Any CPU.ActiveCfg = Release|Any CPU
		{569FD229-240C-4EE3-B9C2-C4B4D57DD8A3}.Release|Any CPU.Build.0 = Release|Any CPU
		{CCC7AA50-83F2-4AE2-9D29-8CCF7C577FB3}.Debug|Any CPU.ActiveCfg = Debug|Any CPU
		{CCC7AA50-83F2-4AE2-9D29-8CCF7C577FB3}.Debug|Any CPU.Build.0 = Debug|Any CPU
		{CCC7AA50-83F2-4AE2-9D29-8CCF7C577FB3}.Release|Any CPU.ActiveCfg = Release|Any CPU
		{CCC7AA50-83F2-4AE2-9D29-8CCF7C577FB3}.Release|Any CPU.Build.0 = Release|Any CPU
	EndGlobalSection
	GlobalSection(SolutionProperties) = preSolution
		HideSolutionNode = FALSE
	EndGlobalSection
	GlobalSection(NestedProjects) = preSolution
		{C4FE74E1-B743-11D0-AE1A-00A0C90FFFC5} = {8BC9CEB8-8B4A-11D0-8D11-00A0C91BC942}
		{F7FE74E1-B743-11D0-AE1A-00A0C90FFFC8} = {E6FE74E1-B743-11D0-AE1A-00A0C90FFFC7}
		{D09A8DF8-5DC1-45AC-9448-8BF443FA307C} = {8BC9CEB8-8B4A-11D0-8D11-00A0C91BC942}
		{F8959B20-2698-471B-A8DF-5F723ACC469D} = {8BC9CEB8-8B4A-11D0-8D11-00A0C91BC942}
		{2A0B4767-AFEB-408A-8E75-8FA7010D7BC3} = {8BC9CEB8-8B4A-11D0-8D11-00A0C91BC942}
		{347F3463-48F8-499B-BDE6-F254E5985D5B} = {8BC9CEB8-8B4A-11D0-8D11-00A0C91BC942}
		{D098D3A8-B0DE-46E7-AA5B-BE097B0CECE3} = {8BC9CEB8-8B4A-11D0-8D11-00A0C91BC942}
		{ACCA0F1A-8EE5-4899-8A93-0D14B34FC07F} = {F141624E-6B75-4385-B37F-E60255AB42F1}
		{569FD229-240C-4EE3-B9C2-C4B4D57DD8A3} = {F141624E-6B75-4385-B37F-E60255AB42F1}
		{CCC7AA50-83F2-4AE2-9D29-8CCF7C577FB3} = {F141624E-6B75-4385-B37F-E60255AB42F1}
	EndGlobalSection
	GlobalSection(ExtensibilityGlobals) = postSolution
		SolutionGuid = {1E9F4D2A-8B3C-4D5E-9F0A-1B2C3D4E5F6A}
	EndGlobalSection
EndGlobal
