
Microsoft Visual Studio Solution File, Format Version 12.00
# Visual Studio Version 17
VisualStudioVersion = 17.0.31903.59
MinimumVisualStudioVersion = 10.0.40219.1
Project("{FAE04EC0-301F-11D3-BF4B-00C04F79EFBC}") = "PulseRPC.Benchmark.Contracts", "PulseRPC.Benchmark.Contracts\PulseRPC.Benchmark.Contracts.csproj", "{24E0F6D5-0ABA-4F5A-A100-45247F068B45}"
EndProject
Project("{FAE04EC0-301F-11D3-BF4B-00C04F79EFBC}") = "PulseRPC.Abstractions", "..\..\src\PulseRPC.Abstractions\PulseRPC.Abstractions.csproj", "{F18394FD-BB59-4996-BFA0-42244C492389}"
EndProject
Project("{FAE04EC0-301F-11D3-BF4B-00C04F79EFBC}") = "PulseRPC.Benchmark", "PulseRPC.Benchmark\PulseRPC.Benchmark.csproj", "{416BFBB8-F4F2-4BD8-97A2-1E877ACD130A}"
EndProject
Project("{FAE04EC0-301F-11D3-BF4B-00C04F79EFBC}") = "PulseRPC.Client", "..\..\src\PulseRPC.Client\PulseRPC.Client.csproj", "{A7910C3F-BBC1-417E-A2BF-D88185978767}"
EndProject
Project("{FAE04EC0-301F-11D3-BF4B-00C04F79EFBC}") = "PulseRPC.Client.SourceGenerator", "..\..\src\PulseRPC.Client.SourceGenerator\PulseRPC.Client.SourceGenerator.csproj", "{913F3568-63A5-442C-B564-9A1C088BC2BD}"
EndProject
Project("{FAE04EC0-301F-11D3-BF4B-00C04F79EFBC}") = "PulseRPC.Server", "..\..\src\PulseRPC.Server\PulseRPC.Server.csproj", "{C9BEE2F1-E4A8-452E-A8D9-4EE8E3011886}"
EndProject
Project("{FAE04EC0-301F-11D3-BF4B-00C04F79EFBC}") = "PulseRPC.Server.SourceGenerator", "..\..\src\PulseRPC.Server.SourceGenerator\PulseRPC.Server.SourceGenerator.csproj", "{B2D7C057-0AFF-456C-B0AF-8C03224A0B7D}"
EndProject
Global
	GlobalSection(SolutionConfigurationPlatforms) = preSolution
		Debug|Any CPU = Debug|Any CPU
		Debug|x64 = Debug|x64
		Debug|x86 = Debug|x86
		Release|Any CPU = Release|Any CPU
		Release|x64 = Release|x64
		Release|x86 = Release|x86
	EndGlobalSection
	GlobalSection(ProjectConfigurationPlatforms) = postSolution
		{24E0F6D5-0ABA-4F5A-A100-45247F068B45}.Debug|Any CPU.ActiveCfg = Debug|Any CPU
		{24E0F6D5-0ABA-4F5A-A100-45247F068B45}.Debug|Any CPU.Build.0 = Debug|Any CPU
		{24E0F6D5-0ABA-4F5A-A100-45247F068B45}.Debug|x64.ActiveCfg = Debug|Any CPU
		{24E0F6D5-0ABA-4F5A-A100-45247F068B45}.Debug|x64.Build.0 = Debug|Any CPU
		{24E0F6D5-0ABA-4F5A-A100-45247F068B45}.Debug|x86.ActiveCfg = Debug|Any CPU
		{24E0F6D5-0ABA-4F5A-A100-45247F068B45}.Debug|x86.Build.0 = Debug|Any CPU
		{24E0F6D5-0ABA-4F5A-A100-45247F068B45}.Release|Any CPU.ActiveCfg = Release|Any CPU
		{24E0F6D5-0ABA-4F5A-A100-45247F068B45}.Release|Any CPU.Build.0 = Release|Any CPU
		{24E0F6D5-0ABA-4F5A-A100-45247F068B45}.Release|x64.ActiveCfg = Release|Any CPU
		{24E0F6D5-0ABA-4F5A-A100-45247F068B45}.Release|x64.Build.0 = Release|Any CPU
		{24E0F6D5-0ABA-4F5A-A100-45247F068B45}.Release|x86.ActiveCfg = Release|Any CPU
		{24E0F6D5-0ABA-4F5A-A100-45247F068B45}.Release|x86.Build.0 = Release|Any CPU
		{F18394FD-BB59-4996-BFA0-42244C492389}.Debug|Any CPU.ActiveCfg = Debug|Any CPU
		{F18394FD-BB59-4996-BFA0-42244C492389}.Debug|Any CPU.Build.0 = Debug|Any CPU
		{F18394FD-BB59-4996-BFA0-42244C492389}.Debug|x64.ActiveCfg = Debug|Any CPU
		{F18394FD-BB59-4996-BFA0-42244C492389}.Debug|x64.Build.0 = Debug|Any CPU
		{F18394FD-BB59-4996-BFA0-42244C492389}.Debug|x86.ActiveCfg = Debug|Any CPU
		{F18394FD-BB59-4996-BFA0-42244C492389}.Debug|x86.Build.0 = Debug|Any CPU
		{F18394FD-BB59-4996-BFA0-42244C492389}.Release|Any CPU.ActiveCfg = Release|Any CPU
		{F18394FD-BB59-4996-BFA0-42244C492389}.Release|Any CPU.Build.0 = Release|Any CPU
		{F18394FD-BB59-4996-BFA0-42244C492389}.Release|x64.ActiveCfg = Release|Any CPU
		{F18394FD-BB59-4996-BFA0-42244C492389}.Release|x64.Build.0 = Release|Any CPU
		{F18394FD-BB59-4996-BFA0-42244C492389}.Release|x86.ActiveCfg = Release|Any CPU
		{F18394FD-BB59-4996-BFA0-42244C492389}.Release|x86.Build.0 = Release|Any CPU
		{416BFBB8-F4F2-4BD8-97A2-1E877ACD130A}.Debug|Any CPU.ActiveCfg = Debug|Any CPU
		{416BFBB8-F4F2-4BD8-97A2-1E877ACD130A}.Debug|Any CPU.Build.0 = Debug|Any CPU
		{416BFBB8-F4F2-4BD8-97A2-1E877ACD130A}.Debug|x64.ActiveCfg = Debug|Any CPU
		{416BFBB8-F4F2-4BD8-97A2-1E877ACD130A}.Debug|x64.Build.0 = Debug|Any CPU
		{416BFBB8-F4F2-4BD8-97A2-1E877ACD130A}.Debug|x86.ActiveCfg = Debug|Any CPU
		{416BFBB8-F4F2-4BD8-97A2-1E877ACD130A}.Debug|x86.Build.0 = Debug|Any CPU
		{416BFBB8-F4F2-4BD8-97A2-1E877ACD130A}.Release|Any CPU.ActiveCfg = Release|Any CPU
		{416BFBB8-F4F2-4BD8-97A2-1E877ACD130A}.Release|Any CPU.Build.0 = Release|Any CPU
		{416BFBB8-F4F2-4BD8-97A2-1E877ACD130A}.Release|x64.ActiveCfg = Release|Any CPU
		{416BFBB8-F4F2-4BD8-97A2-1E877ACD130A}.Release|x64.Build.0 = Release|Any CPU
		{416BFBB8-F4F2-4BD8-97A2-1E877ACD130A}.Release|x86.ActiveCfg = Release|Any CPU
		{416BFBB8-F4F2-4BD8-97A2-1E877ACD130A}.Release|x86.Build.0 = Release|Any CPU
		{A7910C3F-BBC1-417E-A2BF-D88185978767}.Debug|Any CPU.ActiveCfg = Debug|Any CPU
		{A7910C3F-BBC1-417E-A2BF-D88185978767}.Debug|Any CPU.Build.0 = Debug|Any CPU
		{A7910C3F-BBC1-417E-A2BF-D88185978767}.Debug|x64.ActiveCfg = Debug|Any CPU
		{A7910C3F-BBC1-417E-A2BF-D88185978767}.Debug|x64.Build.0 = Debug|Any CPU
		{A7910C3F-BBC1-417E-A2BF-D88185978767}.Debug|x86.ActiveCfg = Debug|Any CPU
		{A7910C3F-BBC1-417E-A2BF-D88185978767}.Debug|x86.Build.0 = Debug|Any CPU
		{A7910C3F-BBC1-417E-A2BF-D88185978767}.Release|Any CPU.ActiveCfg = Release|Any CPU
		{A7910C3F-BBC1-417E-A2BF-D88185978767}.Release|Any CPU.Build.0 = Release|Any CPU
		{A7910C3F-BBC1-417E-A2BF-D88185978767}.Release|x64.ActiveCfg = Release|Any CPU
		{A7910C3F-BBC1-417E-A2BF-D88185978767}.Release|x64.Build.0 = Release|Any CPU
		{A7910C3F-BBC1-417E-A2BF-D88185978767}.Release|x86.ActiveCfg = Release|Any CPU
		{A7910C3F-BBC1-417E-A2BF-D88185978767}.Release|x86.Build.0 = Release|Any CPU
		{913F3568-63A5-442C-B564-9A1C088BC2BD}.Debug|Any CPU.ActiveCfg = Debug|Any CPU
		{913F3568-63A5-442C-B564-9A1C088BC2BD}.Debug|Any CPU.Build.0 = Debug|Any CPU
		{913F3568-63A5-442C-B564-9A1C088BC2BD}.Debug|x64.ActiveCfg = Debug|Any CPU
		{913F3568-63A5-442C-B564-9A1C088BC2BD}.Debug|x64.Build.0 = Debug|Any CPU
		{913F3568-63A5-442C-B564-9A1C088BC2BD}.Debug|x86.ActiveCfg = Debug|Any CPU
		{913F3568-63A5-442C-B564-9A1C088BC2BD}.Debug|x86.Build.0 = Debug|Any CPU
		{913F3568-63A5-442C-B564-9A1C088BC2BD}.Release|Any CPU.ActiveCfg = Release|Any CPU
		{913F3568-63A5-442C-B564-9A1C088BC2BD}.Release|Any CPU.Build.0 = Release|Any CPU
		{913F3568-63A5-442C-B564-9A1C088BC2BD}.Release|x64.ActiveCfg = Release|Any CPU
		{913F3568-63A5-442C-B564-9A1C088BC2BD}.Release|x64.Build.0 = Release|Any CPU
		{913F3568-63A5-442C-B564-9A1C088BC2BD}.Release|x86.ActiveCfg = Release|Any CPU
		{913F3568-63A5-442C-B564-9A1C088BC2BD}.Release|x86.Build.0 = Release|Any CPU
		{C9BEE2F1-E4A8-452E-A8D9-4EE8E3011886}.Debug|Any CPU.ActiveCfg = Debug|Any CPU
		{C9BEE2F1-E4A8-452E-A8D9-4EE8E3011886}.Debug|Any CPU.Build.0 = Debug|Any CPU
		{C9BEE2F1-E4A8-452E-A8D9-4EE8E3011886}.Debug|x64.ActiveCfg = Debug|Any CPU
		{C9BEE2F1-E4A8-452E-A8D9-4EE8E3011886}.Debug|x64.Build.0 = Debug|Any CPU
		{C9BEE2F1-E4A8-452E-A8D9-4EE8E3011886}.Debug|x86.ActiveCfg = Debug|Any CPU
		{C9BEE2F1-E4A8-452E-A8D9-4EE8E3011886}.Debug|x86.Build.0 = Debug|Any CPU
		{C9BEE2F1-E4A8-452E-A8D9-4EE8E3011886}.Release|Any CPU.ActiveCfg = Release|Any CPU
		{C9BEE2F1-E4A8-452E-A8D9-4EE8E3011886}.Release|Any CPU.Build.0 = Release|Any CPU
		{C9BEE2F1-E4A8-452E-A8D9-4EE8E3011886}.Release|x64.ActiveCfg = Release|Any CPU
		{C9BEE2F1-E4A8-452E-A8D9-4EE8E3011886}.Release|x64.Build.0 = Release|Any CPU
		{C9BEE2F1-E4A8-452E-A8D9-4EE8E3011886}.Release|x86.ActiveCfg = Release|Any CPU
		{C9BEE2F1-E4A8-452E-A8D9-4EE8E3011886}.Release|x86.Build.0 = Release|Any CPU
		{B2D7C057-0AFF-456C-B0AF-8C03224A0B7D}.Debug|Any CPU.ActiveCfg = Debug|Any CPU
		{B2D7C057-0AFF-456C-B0AF-8C03224A0B7D}.Debug|Any CPU.Build.0 = Debug|Any CPU
		{B2D7C057-0AFF-456C-B0AF-8C03224A0B7D}.Debug|x64.ActiveCfg = Debug|Any CPU
		{B2D7C057-0AFF-456C-B0AF-8C03224A0B7D}.Debug|x64.Build.0 = Debug|Any CPU
		{B2D7C057-0AFF-456C-B0AF-8C03224A0B7D}.Debug|x86.ActiveCfg = Debug|Any CPU
		{B2D7C057-0AFF-456C-B0AF-8C03224A0B7D}.Debug|x86.Build.0 = Debug|Any CPU
		{B2D7C057-0AFF-456C-B0AF-8C03224A0B7D}.Release|Any CPU.ActiveCfg = Release|Any CPU
		{B2D7C057-0AFF-456C-B0AF-8C03224A0B7D}.Release|Any CPU.Build.0 = Release|Any CPU
		{B2D7C057-0AFF-456C-B0AF-8C03224A0B7D}.Release|x64.ActiveCfg = Release|Any CPU
		{B2D7C057-0AFF-456C-B0AF-8C03224A0B7D}.Release|x64.Build.0 = Release|Any CPU
		{B2D7C057-0AFF-456C-B0AF-8C03224A0B7D}.Release|x86.ActiveCfg = Release|Any CPU
		{B2D7C057-0AFF-456C-B0AF-8C03224A0B7D}.Release|x86.Build.0 = Release|Any CPU
	EndGlobalSection
	GlobalSection(SolutionProperties) = preSolution
		HideSolutionNode = FALSE
	EndGlobalSection
EndGlobal
